
Microsoft Visual Studio Solution File, Format Version 12.00
# Visual Studio Version 17
VisualStudioVersion = 17.6.33829.357
MinimumVisualStudioVersion = 10.0.40219.1
Project("{FAE04EC0-301F-11D3-BF4B-00C04F79EFBC}") = "DeviceStatusCheckerService", "DeviceStatusCheckerService.csproj", "{73E2A366-C6BD-416B-987C-BEACA8B34A26}"
EndProject
Global
	GlobalSection(SolutionConfigurationPlatforms) = preSolution
		Debug|Any CPU = Debug|Any CPU
		Release|Any CPU = Release|Any CPU
	EndGlobalSection
	GlobalSection(ProjectConfigurationPlatforms) = postSolution
		{73E2A366-C6BD-416B-987C-BEACA8B34A26}.Debug|Any CPU.ActiveCfg = Debug|Any CPU
		{73E2A366-C6BD-416B-987C-BEACA8B34A26}.Debug|Any CPU.Build.0 = Debug|Any CPU
		{73E2A366-C6BD-416B-987C-BEACA8B34A26}.Release|Any CPU.ActiveCfg = Release|Any CPU
		{73E2A366-C6BD-416B-987C-BEACA8B34A26}.Release|Any CPU.Build.0 = Release|Any CPU
	EndGlobalSection
	GlobalSection(SolutionProperties) = preSolution
		HideSolutionNode = FALSE
	EndGlobalSection
	GlobalSection(ExtensibilityGlobals) = postSolution
		SolutionGuid = {3AAD3FA1-3924-4A20-9089-7226A89F8298}
	EndGlobalSection
EndGlobal
